
Microsoft Visual Studio Solution File, Format Version 12.00
# Visual Studio Version 17
VisualStudioVersion = 17.1.32328.378
MinimumVisualStudioVersion = 10.0.40219.1
Project("{FAE04EC0-301F-11D3-BF4B-00C04F79EFBC}") = "BookShopMvc", "BookShopMvc\BookShopMvc.csproj", "{DEC156C8-6C71-4D36-A97F-F0B3785C7E7E}"
EndProject
Project("{FAE04EC0-301F-11D3-BF4B-00C04F79EFBC}") = "BookShop.Data", "BookShop.Data\BookShop.Data.csproj", "{533B6A69-9961-4783-B74A-7E7960AE107A}"
EndProject
Project("{FAE04EC0-301F-11D3-BF4B-00C04F79EFBC}") = "BookShop.Service", "BookShop.Service\BookShop.Service.csproj", "{B25CAC1B-6F92-4997-8DB1-65B9A8056CFD}"
EndProject
Global
	GlobalSection(SolutionConfigurationPlatforms) = preSolution
		Debug|Any CPU = Debug|Any CPU
		Release|Any CPU = Release|Any CPU
	EndGlobalSection
	GlobalSection(ProjectConfigurationPlatforms) = postSolution
		{DEC156C8-6C71-4D36-A97F-F0B3785C7E7E}.Debug|Any CPU.ActiveCfg = Debug|Any CPU
		{DEC156C8-6C71-4D36-A97F-F0B3785C7E7E}.Debug|Any CPU.Build.0 = Debug|Any CPU
		{DEC156C8-6C71-4D36-A97F-F0B3785C7E7E}.Release|Any CPU.ActiveCfg = Release|Any CPU
		{DEC156C8-6C71-4D36-A97F-F0B3785C7E7E}.Release|Any CPU.Build.0 = Release|Any CPU
		{533B6A69-9961-4783-B74A-7E7960AE107A}.Debug|Any CPU.ActiveCfg = Debug|Any CPU
		{533B6A69-9961-4783-B74A-7E7960AE107A}.Debug|Any CPU.Build.0 = Debug|Any CPU
		{533B6A69-9961-4783-B74A-7E7960AE107A}.Release|Any CPU.ActiveCfg = Release|Any CPU
		{533B6A69-9961-4783-B74A-7E7960AE107A}.Release|Any CPU.Build.0 = Release|Any CPU
		{B25CAC1B-6F92-4997-8DB1-65B9A8056CFD}.Debug|Any CPU.ActiveCfg = Debug|Any CPU
		{B25CAC1B-6F92-4997-8DB1-65B9A8056CFD}.Debug|Any CPU.Build.0 = Debug|Any CPU
		{B25CAC1B-6F92-4997-8DB1-65B9A8056CFD}.Release|Any CPU.ActiveCfg = Release|Any CPU
		{B25CAC1B-6F92-4997-8DB1-65B9A8056CFD}.Release|Any CPU.Build.0 = Release|Any CPU
	EndGlobalSection
	GlobalSection(SolutionProperties) = preSolution
		HideSolutionNode = FALSE
	EndGlobalSection
	GlobalSection(ExtensibilityGlobals) = postSolution
		SolutionGuid = {9AB6474F-AC56-4315-B41C-ACB1CA000D6A}
	EndGlobalSection
EndGlobal
